
Microsoft Visual Studio Solution File, Format Version 12.00
# Visual Studio Version 16
VisualStudioVersion = 16.0.29728.190
MinimumVisualStudioVersion = 10.0.40219.1
Project("{FAE04EC0-301F-11D3-BF4B-00C04F79EFBC}") = "iChronoMe.Core", "iChronoMe.Core\iChronoMe.Core.csproj", "{033FFCFF-D20E-40B6-BFF7-569267870C0A}"
EndProject
Project("{FAE04EC0-301F-11D3-BF4B-00C04F79EFBC}") = "iChronoMe.Widgets", "iChronoMe.Widgets\iChronoMe.Widgets.csproj", "{D8E99A04-8D02-48C1-A147-426AB144CF2E}"
EndProject
Global
	GlobalSection(SolutionConfigurationPlatforms) = preSolution
		Debug|Any CPU = Debug|Any CPU
		Release|Any CPU = Release|Any CPU
	EndGlobalSection
	GlobalSection(ProjectConfigurationPlatforms) = postSolution
		{033FFCFF-D20E-40B6-BFF7-569267870C0A}.Debug|Any CPU.ActiveCfg = Debug|Any CPU
		{033FFCFF-D20E-40B6-BFF7-569267870C0A}.Debug|Any CPU.Build.0 = Debug|Any CPU
		{033FFCFF-D20E-40B6-BFF7-569267870C0A}.Release|Any CPU.ActiveCfg = Release|Any CPU
		{033FFCFF-D20E-40B6-BFF7-569267870C0A}.Release|Any CPU.Build.0 = Release|Any CPU
		{D8E99A04-8D02-48C1-A147-426AB144CF2E}.Debug|Any CPU.ActiveCfg = Debug|Any CPU
		{D8E99A04-8D02-48C1-A147-426AB144CF2E}.Debug|Any CPU.Build.0 = Debug|Any CPU
		{D8E99A04-8D02-48C1-A147-426AB144CF2E}.Release|Any CPU.ActiveCfg = Release|Any CPU
		{D8E99A04-8D02-48C1-A147-426AB144CF2E}.Release|Any CPU.Build.0 = Release|Any CPU
	EndGlobalSection
	GlobalSection(SolutionProperties) = preSolution
		HideSolutionNode = FALSE
	EndGlobalSection
	GlobalSection(ExtensibilityGlobals) = postSolution
		SolutionGuid = {29F798FD-D3A7-4FB4-AA0A-A81B5CFAA4BD}
	EndGlobalSection
EndGlobal
